# This file is automatically @generated by Cargo.
# It is not intended for manual editing.
version = 4

[[package]]
name = "ait-agent-adapters"
version = "0.1.0"
dependencies = [
 "ait-domain",
 "ait-ports",
]

[[package]]
name = "ait-api-http"
version = "0.1.0"
dependencies = [
 "ait-application",
 "ait-contracts",
]

[[package]]
name = "ait-application"
version = "0.1.0"
dependencies = [
 "ait-contracts",
 "ait-domain",
 "ait-ports",
 "ait-runtime",
 "ait-scheduler",
]

[[package]]
name = "ait-cli"
version = "0.1.0"
dependencies = [
 "ait-ipc",
]

[[package]]
name = "ait-contracts"
version = "0.1.0"
dependencies = [
 "ait-domain",
]

[[package]]
name = "ait-daemon"
version = "0.1.0"
dependencies = [
 "ait-application",
 "ait-ipc",
 "ait-observability",
 "ait-storage-sqlite",
]

[[package]]
name = "ait-domain"
version = "0.1.0"

[[package]]
name = "ait-ipc"
version = "0.1.0"
dependencies = [
 "ait-application",
 "ait-contracts",
]

[[package]]
name = "ait-observability"
version = "0.1.0"

[[package]]
name = "ait-ports"
version = "0.1.0"
dependencies = [
 "ait-domain",
]

[[package]]
name = "ait-providers"
version = "0.1.0"
dependencies = [
 "ait-domain",
 "ait-ports",
]

[[package]]
name = "ait-runtime"
version = "0.1.0"
dependencies = [
 "ait-domain",
 "ait-ports",
]

[[package]]
name = "ait-sandbox"
version = "0.1.0"
dependencies = [
 "ait-ports",
]

[[package]]
name = "ait-scheduler"
version = "0.1.0"
dependencies = [
 "ait-domain",
 "ait-ports",
]

[[package]]
name = "ait-storage-sqlite"
version = "0.1.0"
dependencies = [
 "ait-domain",
 "ait-ports",
]

[[package]]
name = "ait-tools"
version = "0.1.0"
dependencies = [
 "ait-domain",
 "ait-ports",
]

[[package]]
name = "ait-worker"
version = "0.1.0"
dependencies = [
 "ait-agent-adapters",
 "ait-ipc",
 "ait-providers",
 "ait-runtime",
 "ait-sandbox",
 "ait-tools",
]
